
Microsoft Visual Studio Solution File, Format Version 12.00
# Visual Studio Version 16
VisualStudioVersion = 16.0.30011.22
MinimumVisualStudioVersion = 10.0.40219.1
Project("{FAE04EC0-301F-11D3-BF4B-00C04F79EFBC}") = "GoogleSheetsTest2", "GoogleSheetsTest2\GoogleSheetsTest2.csproj", "{E8014899-2FDF-4E5E-ACC4-EF75DEE8E788}"
EndProject
Project("{2150E333-8FDC-42A3-9474-1A3956D46DE8}") = "Solution Items", "Solution Items", "{B964ED0F-06A1-4EB5-9768-BB11AFE08AD2}"
	ProjectSection(SolutionItems) = preProject
		..\ProgramForPostgressTest\ProgramForPostgressTest\Program — копия.cs = ..\ProgramForPostgressTest\ProgramForPostgressTest\Program — копия.cs
	EndProjectSection
EndProject
Global
	GlobalSection(SolutionConfigurationPlatforms) = preSolution
		Debug|Any CPU = Debug|Any CPU
		Release|Any CPU = Release|Any CPU
	EndGlobalSection
	GlobalSection(ProjectConfigurationPlatforms) = postSolution
		{E8014899-2FDF-4E5E-ACC4-EF75DEE8E788}.Debug|Any CPU.ActiveCfg = Debug|Any CPU
		{E8014899-2FDF-4E5E-ACC4-EF75DEE8E788}.Debug|Any CPU.Build.0 = Debug|Any CPU
		{E8014899-2FDF-4E5E-ACC4-EF75DEE8E788}.Release|Any CPU.ActiveCfg = Release|Any CPU
		{E8014899-2FDF-4E5E-ACC4-EF75DEE8E788}.Release|Any CPU.Build.0 = Release|Any CPU
	EndGlobalSection
	GlobalSection(SolutionProperties) = preSolution
		HideSolutionNode = FALSE
	EndGlobalSection
	GlobalSection(ExtensibilityGlobals) = postSolution
		SolutionGuid = {9169EB9C-E228-4D35-BBD0-6E299115CF4B}
	EndGlobalSection
EndGlobal
